
Microsoft Visual Studio Solution File, Format Version 12.00
# Visual Studio Version 16
VisualStudioVersion = 16.0.29102.190
MinimumVisualStudioVersion = 10.0.40219.1
Project("{FAE04EC0-301F-11D3-BF4B-00C04F79EFBC}") = "codeforces1141A", "codeforces1141A\codeforces1141A.csproj", "{6C115323-C5BE-4D30-A775-87A7574F0A3F}"
EndProject
Global
	GlobalSection(SolutionConfigurationPlatforms) = preSolution
		Debug|Any CPU = Debug|Any CPU
		Release|Any CPU = Release|Any CPU
	EndGlobalSection
	GlobalSection(ProjectConfigurationPlatforms) = postSolution
		{6C115323-C5BE-4D30-A775-87A7574F0A3F}.Debug|Any CPU.ActiveCfg = Debug|Any CPU
		{6C115323-C5BE-4D30-A775-87A7574F0A3F}.Debug|Any CPU.Build.0 = Debug|Any CPU
		{6C115323-C5BE-4D30-A775-87A7574F0A3F}.Release|Any CPU.ActiveCfg = Release|Any CPU
		{6C115323-C5BE-4D30-A775-87A7574F0A3F}.Release|Any CPU.Build.0 = Release|Any CPU
	EndGlobalSection
	GlobalSection(SolutionProperties) = preSolution
		HideSolutionNode = FALSE
	EndGlobalSection
	GlobalSection(ExtensibilityGlobals) = postSolution
		SolutionGuid = {6887FC82-39CB-44E3-BBB7-25EDC9C8A64C}
	EndGlobalSection
EndGlobal
