
Microsoft Visual Studio Solution File, Format Version 12.00
# Visual Studio Version 16
VisualStudioVersion = 16.0.29102.190
MinimumVisualStudioVersion = 10.0.40219.1
Project("{FAE04EC0-301F-11D3-BF4B-00C04F79EFBC}") = "codeforces1077A", "codeforces1077A\codeforces1077A.csproj", "{702CA518-EF20-4A4F-AD71-7DD88375EE37}"
EndProject
Global
	GlobalSection(SolutionConfigurationPlatforms) = preSolution
		Debug|Any CPU = Debug|Any CPU
		Release|Any CPU = Release|Any CPU
	EndGlobalSection
	GlobalSection(ProjectConfigurationPlatforms) = postSolution
		{702CA518-EF20-4A4F-AD71-7DD88375EE37}.Debug|Any CPU.ActiveCfg = Debug|Any CPU
		{702CA518-EF20-4A4F-AD71-7DD88375EE37}.Debug|Any CPU.Build.0 = Debug|Any CPU
		{702CA518-EF20-4A4F-AD71-7DD88375EE37}.Release|Any CPU.ActiveCfg = Release|Any CPU
		{702CA518-EF20-4A4F-AD71-7DD88375EE37}.Release|Any CPU.Build.0 = Release|Any CPU
	EndGlobalSection
	GlobalSection(SolutionProperties) = preSolution
		HideSolutionNode = FALSE
	EndGlobalSection
	GlobalSection(ExtensibilityGlobals) = postSolution
		SolutionGuid = {41598153-CC65-47FA-B5F8-0B2330A44288}
	EndGlobalSection
EndGlobal
