
Microsoft Visual Studio Solution File, Format Version 12.00
# Visual Studio Version 16
VisualStudioVersion = 16.0.29102.190
MinimumVisualStudioVersion = 10.0.40219.1
Project("{FAE04EC0-301F-11D3-BF4B-00C04F79EFBC}") = "codeforces686", "codeforces686.csproj", "{10C05300-E155-4DD0-90BE-B7E260ED32F3}"
EndProject
Global
	GlobalSection(SolutionConfigurationPlatforms) = preSolution
		Debug|Any CPU = Debug|Any CPU
		Release|Any CPU = Release|Any CPU
	EndGlobalSection
	GlobalSection(ProjectConfigurationPlatforms) = postSolution
		{10C05300-E155-4DD0-90BE-B7E260ED32F3}.Debug|Any CPU.ActiveCfg = Debug|Any CPU
		{10C05300-E155-4DD0-90BE-B7E260ED32F3}.Debug|Any CPU.Build.0 = Debug|Any CPU
		{10C05300-E155-4DD0-90BE-B7E260ED32F3}.Release|Any CPU.ActiveCfg = Release|Any CPU
		{10C05300-E155-4DD0-90BE-B7E260ED32F3}.Release|Any CPU.Build.0 = Release|Any CPU
	EndGlobalSection
	GlobalSection(SolutionProperties) = preSolution
		HideSolutionNode = FALSE
	EndGlobalSection
	GlobalSection(ExtensibilityGlobals) = postSolution
		SolutionGuid = {7110690F-3344-469C-B979-E2074AA2CA61}
	EndGlobalSection
EndGlobal
