
Microsoft Visual Studio Solution File, Format Version 12.00
# Visual Studio Version 16
VisualStudioVersion = 16.0.29102.190
MinimumVisualStudioVersion = 10.0.40219.1
Project("{FAE04EC0-301F-11D3-BF4B-00C04F79EFBC}") = "codeforces1102A", "codeforces1102A.csproj", "{5ABBF7FD-5604-41B9-B3D6-F7CDA3648393}"
EndProject
Global
	GlobalSection(SolutionConfigurationPlatforms) = preSolution
		Debug|Any CPU = Debug|Any CPU
		Release|Any CPU = Release|Any CPU
	EndGlobalSection
	GlobalSection(ProjectConfigurationPlatforms) = postSolution
		{5ABBF7FD-5604-41B9-B3D6-F7CDA3648393}.Debug|Any CPU.ActiveCfg = Debug|Any CPU
		{5ABBF7FD-5604-41B9-B3D6-F7CDA3648393}.Debug|Any CPU.Build.0 = Debug|Any CPU
		{5ABBF7FD-5604-41B9-B3D6-F7CDA3648393}.Release|Any CPU.ActiveCfg = Release|Any CPU
		{5ABBF7FD-5604-41B9-B3D6-F7CDA3648393}.Release|Any CPU.Build.0 = Release|Any CPU
	EndGlobalSection
	GlobalSection(SolutionProperties) = preSolution
		HideSolutionNode = FALSE
	EndGlobalSection
	GlobalSection(ExtensibilityGlobals) = postSolution
		SolutionGuid = {19C4995B-AB98-42E0-B13C-4CC16CF07A8B}
	EndGlobalSection
EndGlobal
