
Microsoft Visual Studio Solution File, Format Version 12.00
# Visual Studio Version 16
VisualStudioVersion = 16.0.29102.190
MinimumVisualStudioVersion = 10.0.40219.1
Project("{FAE04EC0-301F-11D3-BF4B-00C04F79EFBC}") = "codeforces1196B.cpp", "codeforces1196B.cpp\codeforces1196B.cpp.csproj", "{DD5CDEF3-9BD6-4E18-B875-FAC0829323D2}"
EndProject
Global
	GlobalSection(SolutionConfigurationPlatforms) = preSolution
		Debug|Any CPU = Debug|Any CPU
		Release|Any CPU = Release|Any CPU
	EndGlobalSection
	GlobalSection(ProjectConfigurationPlatforms) = postSolution
		{DD5CDEF3-9BD6-4E18-B875-FAC0829323D2}.Debug|Any CPU.ActiveCfg = Debug|Any CPU
		{DD5CDEF3-9BD6-4E18-B875-FAC0829323D2}.Debug|Any CPU.Build.0 = Debug|Any CPU
		{DD5CDEF3-9BD6-4E18-B875-FAC0829323D2}.Release|Any CPU.ActiveCfg = Release|Any CPU
		{DD5CDEF3-9BD6-4E18-B875-FAC0829323D2}.Release|Any CPU.Build.0 = Release|Any CPU
	EndGlobalSection
	GlobalSection(SolutionProperties) = preSolution
		HideSolutionNode = FALSE
	EndGlobalSection
	GlobalSection(ExtensibilityGlobals) = postSolution
		SolutionGuid = {167697C9-7989-4646-9DD5-88CB80F1B408}
	EndGlobalSection
EndGlobal
