
Microsoft Visual Studio Solution File, Format Version 12.00
# Visual Studio Version 16
VisualStudioVersion = 16.0.29102.190
MinimumVisualStudioVersion = 10.0.40219.1
Project("{FAE04EC0-301F-11D3-BF4B-00C04F79EFBC}") = "codeforces1191A", "codeforces1191A\codeforces1191A.csproj", "{1EA83CD7-AEF3-4D13-8977-05A752E0EA6E}"
EndProject
Global
	GlobalSection(SolutionConfigurationPlatforms) = preSolution
		Debug|Any CPU = Debug|Any CPU
		Release|Any CPU = Release|Any CPU
	EndGlobalSection
	GlobalSection(ProjectConfigurationPlatforms) = postSolution
		{1EA83CD7-AEF3-4D13-8977-05A752E0EA6E}.Debug|Any CPU.ActiveCfg = Debug|Any CPU
		{1EA83CD7-AEF3-4D13-8977-05A752E0EA6E}.Debug|Any CPU.Build.0 = Debug|Any CPU
		{1EA83CD7-AEF3-4D13-8977-05A752E0EA6E}.Release|Any CPU.ActiveCfg = Release|Any CPU
		{1EA83CD7-AEF3-4D13-8977-05A752E0EA6E}.Release|Any CPU.Build.0 = Release|Any CPU
	EndGlobalSection
	GlobalSection(SolutionProperties) = preSolution
		HideSolutionNode = FALSE
	EndGlobalSection
	GlobalSection(ExtensibilityGlobals) = postSolution
		SolutionGuid = {D25D73DD-8AF0-4E73-86C0-E72F847B7FEF}
	EndGlobalSection
EndGlobal
