
Microsoft Visual Studio Solution File, Format Version 12.00
# Visual Studio Version 16
VisualStudioVersion = 16.0.29102.190
MinimumVisualStudioVersion = 10.0.40219.1
Project("{FAE04EC0-301F-11D3-BF4B-00C04F79EFBC}") = "DCP-192Bicycle", "DCP-192Bicycle.csproj", "{8685B6B5-E710-44BC-80B4-583C58AB351B}"
EndProject
Global
	GlobalSection(SolutionConfigurationPlatforms) = preSolution
		Debug|Any CPU = Debug|Any CPU
		Release|Any CPU = Release|Any CPU
	EndGlobalSection
	GlobalSection(ProjectConfigurationPlatforms) = postSolution
		{8685B6B5-E710-44BC-80B4-583C58AB351B}.Debug|Any CPU.ActiveCfg = Debug|Any CPU
		{8685B6B5-E710-44BC-80B4-583C58AB351B}.Debug|Any CPU.Build.0 = Debug|Any CPU
		{8685B6B5-E710-44BC-80B4-583C58AB351B}.Release|Any CPU.ActiveCfg = Release|Any CPU
		{8685B6B5-E710-44BC-80B4-583C58AB351B}.Release|Any CPU.Build.0 = Release|Any CPU
	EndGlobalSection
	GlobalSection(SolutionProperties) = preSolution
		HideSolutionNode = FALSE
	EndGlobalSection
	GlobalSection(ExtensibilityGlobals) = postSolution
		SolutionGuid = {3B5D5E61-8868-4C5B-BBC0-1A906860DD62}
	EndGlobalSection
EndGlobal
